
Microsoft Visual Studio Solution File, Format Version 12.00
# Visual Studio Version 17
VisualStudioVersion = 17.12.35514.174
MinimumVisualStudioVersion = 10.0.40219.1
Project("{FAE04EC0-301F-11D3-BF4B-00C04F79EFBC}") = "UI.cli.Main", "UI.cli.Main\UI.cli.Main.csproj", "{AADCE847-D7BC-4CA9-815A-1944CCD7A7D6}"
EndProject
Project("{FAE04EC0-301F-11D3-BF4B-00C04F79EFBC}") = "Lib.Main", "Lib.Main\Lib.Main.csproj", "{93D4CE07-946F-4AC2-B253-74A93DB00762}"
EndProject
Project("{FAE04EC0-301F-11D3-BF4B-00C04F79EFBC}") = "Lib.Main.Tests", "Lib.Main.Tests\Lib.Main.Tests.csproj", "{BA52B487-E5EC-4892-8F55-549B71F11193}"
EndProject
Global
	GlobalSection(SolutionConfigurationPlatforms) = preSolution
		Debug|Any CPU = Debug|Any CPU
		Release|Any CPU = Release|Any CPU
	EndGlobalSection
	GlobalSection(ProjectConfigurationPlatforms) = postSolution
		{AADCE847-D7BC-4CA9-815A-1944CCD7A7D6}.Debug|Any CPU.ActiveCfg = Debug|Any CPU
		{AADCE847-D7BC-4CA9-815A-1944CCD7A7D6}.Debug|Any CPU.Build.0 = Debug|Any CPU
		{AADCE847-D7BC-4CA9-815A-1944CCD7A7D6}.Release|Any CPU.ActiveCfg = Release|Any CPU
		{AADCE847-D7BC-4CA9-815A-1944CCD7A7D6}.Release|Any CPU.Build.0 = Release|Any CPU
		{93D4CE07-946F-4AC2-B253-74A93DB00762}.Debug|Any CPU.ActiveCfg = Debug|Any CPU
		{93D4CE07-946F-4AC2-B253-74A93DB00762}.Debug|Any CPU.Build.0 = Debug|Any CPU
		{93D4CE07-946F-4AC2-B253-74A93DB00762}.Release|Any CPU.ActiveCfg = Release|Any CPU
		{93D4CE07-946F-4AC2-B253-74A93DB00762}.Release|Any CPU.Build.0 = Release|Any CPU
		{BA52B487-E5EC-4892-8F55-549B71F11193}.Debug|Any CPU.ActiveCfg = Debug|Any CPU
		{BA52B487-E5EC-4892-8F55-549B71F11193}.Debug|Any CPU.Build.0 = Debug|Any CPU
		{BA52B487-E5EC-4892-8F55-549B71F11193}.Release|Any CPU.ActiveCfg = Release|Any CPU
		{BA52B487-E5EC-4892-8F55-549B71F11193}.Release|Any CPU.Build.0 = Release|Any CPU
	EndGlobalSection
	GlobalSection(SolutionProperties) = preSolution
		HideSolutionNode = FALSE
	EndGlobalSection
EndGlobal
