
Microsoft Visual Studio Solution File, Format Version 12.00
# Visual Studio Version 17
VisualStudioVersion = 17.12.35514.174
MinimumVisualStudioVersion = 10.0.40219.1
Project("{FAE04EC0-301F-11D3-BF4B-00C04F79EFBC}") = "UI.cli.Main", "UI.cli.Main\UI.cli.Main.csproj", "{AADCE847-D7BC-4CA9-815A-1944CCD7A7D6}"
EndProject
Project("{FAE04EC0-301F-11D3-BF4B-00C04F79EFBC}") = "Lib.Main", "Lib.Main\Lib.Main.csproj", "{93D4CE07-946F-4AC2-B253-74A93DB00762}"
EndProject
Project("{FAE04EC0-301F-11D3-BF4B-00C04F79EFBC}") = "Lib.Main.Tests", "Lib.Main.Tests\Lib.Main.Tests.csproj", "{BA52B487-E5EC-4892-8F55-549B71F11193}"
EndProject
Project("{FAE04EC0-301F-11D3-BF4B-00C04F79EFBC}") = "UI.Maui.Main", "UI.Maui.Main\UI.Maui.Main.csproj", "{DD6680BA-52AC-410B-B063-67CB1D43B035}"
EndProject
Project("{FAE04EC0-301F-11D3-BF4B-00C04F79EFBC}") = "UI.Maui.MVVM", "UI.Maui.MVVM\UI.Maui.MVVM.csproj", "{8417A941-8AE0-45EF-BA32-1E8C881E4439}"
EndProject
Project("{FAE04EC0-301F-11D3-BF4B-00C04F79EFBC}") = "UI.WPF.EvStrat", "UI.WPF.EvStrat\UI.WPF.EvStrat.csproj", "{52258C16-7318-4848-AAE9-3DEAC2BB8DDF}"
EndProject
Global
	GlobalSection(SolutionConfigurationPlatforms) = preSolution
		Debug|Any CPU = Debug|Any CPU
		Release|Any CPU = Release|Any CPU
	EndGlobalSection
	GlobalSection(ProjectConfigurationPlatforms) = postSolution
		{AADCE847-D7BC-4CA9-815A-1944CCD7A7D6}.Debug|Any CPU.ActiveCfg = Debug|Any CPU
		{AADCE847-D7BC-4CA9-815A-1944CCD7A7D6}.Debug|Any CPU.Build.0 = Debug|Any CPU
		{AADCE847-D7BC-4CA9-815A-1944CCD7A7D6}.Release|Any CPU.ActiveCfg = Release|Any CPU
		{AADCE847-D7BC-4CA9-815A-1944CCD7A7D6}.Release|Any CPU.Build.0 = Release|Any CPU
		{93D4CE07-946F-4AC2-B253-74A93DB00762}.Debug|Any CPU.ActiveCfg = Debug|Any CPU
		{93D4CE07-946F-4AC2-B253-74A93DB00762}.Debug|Any CPU.Build.0 = Debug|Any CPU
		{93D4CE07-946F-4AC2-B253-74A93DB00762}.Release|Any CPU.ActiveCfg = Release|Any CPU
		{93D4CE07-946F-4AC2-B253-74A93DB00762}.Release|Any CPU.Build.0 = Release|Any CPU
		{BA52B487-E5EC-4892-8F55-549B71F11193}.Debug|Any CPU.ActiveCfg = Debug|Any CPU
		{BA52B487-E5EC-4892-8F55-549B71F11193}.Debug|Any CPU.Build.0 = Debug|Any CPU
		{BA52B487-E5EC-4892-8F55-549B71F11193}.Release|Any CPU.ActiveCfg = Release|Any CPU
		{BA52B487-E5EC-4892-8F55-549B71F11193}.Release|Any CPU.Build.0 = Release|Any CPU
		{DD6680BA-52AC-410B-B063-67CB1D43B035}.Debug|Any CPU.ActiveCfg = Debug|Any CPU
		{DD6680BA-52AC-410B-B063-67CB1D43B035}.Debug|Any CPU.Build.0 = Debug|Any CPU
		{DD6680BA-52AC-410B-B063-67CB1D43B035}.Debug|Any CPU.Deploy.0 = Debug|Any CPU
		{DD6680BA-52AC-410B-B063-67CB1D43B035}.Release|Any CPU.ActiveCfg = Release|Any CPU
		{DD6680BA-52AC-410B-B063-67CB1D43B035}.Release|Any CPU.Build.0 = Release|Any CPU
		{8417A941-8AE0-45EF-BA32-1E8C881E4439}.Debug|Any CPU.ActiveCfg = Debug|Any CPU
		{8417A941-8AE0-45EF-BA32-1E8C881E4439}.Debug|Any CPU.Build.0 = Debug|Any CPU
		{8417A941-8AE0-45EF-BA32-1E8C881E4439}.Debug|Any CPU.Deploy.0 = Debug|Any CPU
		{8417A941-8AE0-45EF-BA32-1E8C881E4439}.Release|Any CPU.ActiveCfg = Release|Any CPU
		{8417A941-8AE0-45EF-BA32-1E8C881E4439}.Release|Any CPU.Build.0 = Release|Any CPU
		{52258C16-7318-4848-AAE9-3DEAC2BB8DDF}.Debug|Any CPU.ActiveCfg = Debug|Any CPU
		{52258C16-7318-4848-AAE9-3DEAC2BB8DDF}.Debug|Any CPU.Build.0 = Debug|Any CPU
		{52258C16-7318-4848-AAE9-3DEAC2BB8DDF}.Release|Any CPU.ActiveCfg = Release|Any CPU
		{52258C16-7318-4848-AAE9-3DEAC2BB8DDF}.Release|Any CPU.Build.0 = Release|Any CPU
	EndGlobalSection
	GlobalSection(SolutionProperties) = preSolution
		HideSolutionNode = FALSE
	EndGlobalSection
EndGlobal
